// !$*UTF8*$!
{
	archiveVersion = 1;
	classes = {
	};
	objectVersion = 56;
	objects = {

/* Begin PBXBuildFile section */
		4E3D1A4B2BB28FAD007A1FF6 /* AppDelegate.swift in Sources */ = {isa = PBXBuildFile; fileRef = 4E3D1A4A2BB28FAD007A1FF6 /* AppDelegate.swift */; };
		4E3D1A4D2BB28FAD007A1FF6 /* SceneDelegate.swift in Sources */ = {isa = PBXBuildFile; fileRef = 4E3D1A4C2BB28FAD007A1FF6 /* SceneDelegate.swift */; };
		4E3D1A522BB28FAD007A1FF6 /* Base in Resources */ = {isa = PBXBuildFile; fileRef = 4E3D1A512BB28FAD007A1FF6 /* Base */; };
		4E3D1A542BB28FAF007A1FF6 /* Assets.xcassets in Resources */ = {isa = PBXBuildFile; fileRef = 4E3D1A532BB28FAF007A1FF6 /* Assets.xcassets */; };
		4E3D1A5F2BB28FEC007A1FF6 /* parks.plist in Resources */ = {isa = PBXBuildFile; fileRef = 4E3D1A5E2BB28FEC007A1FF6 /* parks.plist */; };
		4E3D1A612BB292D9007A1FF6 /* MainTableViewController.swift in Sources */ = {isa = PBXBuildFile; fileRef = 4E3D1A602BB292D9007A1FF6 /* MainTableViewController.swift */; };
		4EDDCD952BB3A5BC0004096E /* DetailViewController.swift in Sources */ = {isa = PBXBuildFile; fileRef = 4EDDCD942BB3A5BC0004096E /* DetailViewController.swift */; };
		4EDDCD982BB3A5D80004096E /* AddViewController.swift in Sources */ = {isa = PBXBuildFile; fileRef = 4EDDCD972BB3A5D80004096E /* AddViewController.swift */; };
		4EDDCD9D2BB3BF360004096E /* UIViewController+URLUtilities.swift in Sources */ = {isa = PBXBuildFile; fileRef = 4EDDCD9C2BB3BF360004096E /* UIViewController+URLUtilities.swift */; };
/* End PBXBuildFile section */

/* Begin PBXFileReference section */
		4E3D1A472BB28FAD007A1FF6 /* PListTest_Bundle2.app */ = {isa = PBXFileReference; explicitFileType = wrapper.application; includeInIndex = 0; path = PListTest_Bundle2.app; sourceTree = BUILT_PRODUCTS_DIR; };
		4E3D1A4A2BB28FAD007A1FF6 /* AppDelegate.swift */ = {isa = PBXFileReference; lastKnownFileType = sourcecode.swift; path = AppDelegate.swift; sourceTree = "<group>"; };
		4E3D1A4C2BB28FAD007A1FF6 /* SceneDelegate.swift */ = {isa = PBXFileReference; lastKnownFileType = sourcecode.swift; path = SceneDelegate.swift; sourceTree = "<group>"; };
		4E3D1A512BB28FAD007A1FF6 /* Base */ = {isa = PBXFileReference; lastKnownFileType = file.storyboard; name = Base; path = Base.lproj/Main.storyboard; sourceTree = "<group>"; };
		4E3D1A532BB28FAF007A1FF6 /* Assets.xcassets */ = {isa = PBXFileReference; lastKnownFileType = folder.assetcatalog; path = Assets.xcassets; sourceTree = "<group>"; };
		4E3D1A582BB28FAF007A1FF6 /* Info.plist */ = {isa = PBXFileReference; lastKnownFileType = text.plist.xml; path = Info.plist; sourceTree = "<group>"; };
		4E3D1A5E2BB28FEC007A1FF6 /* parks.plist */ = {isa = PBXFileReference; fileEncoding = 4; lastKnownFileType = text.plist.xml; path = parks.plist; sourceTree = "<group>"; };
		4E3D1A602BB292D9007A1FF6 /* MainTableViewController.swift */ = {isa = PBXFileReference; lastKnownFileType = sourcecode.swift; path = MainTableViewController.swift; sourceTree = "<group>"; };
		4EDDCD942BB3A5BC0004096E /* DetailViewController.swift */ = {isa = PBXFileReference; lastKnownFileType = sourcecode.swift; path = DetailViewController.swift; sourceTree = "<group>"; };
		4EDDCD972BB3A5D80004096E /* AddViewController.swift */ = {isa = PBXFileReference; lastKnownFileType = sourcecode.swift; path = AddViewController.swift; sourceTree = "<group>"; };
		4EDDCD9C2BB3BF360004096E /* UIViewController+URLUtilities.swift */ = {isa = PBXFileReference; lastKnownFileType = sourcecode.swift; path = "UIViewController+URLUtilities.swift"; sourceTree = "<group>"; };
/* End PBXFileReference section */

/* Begin PBXFrameworksBuildPhase section */
		4E3D1A442BB28FAD007A1FF6 /* Frameworks */ = {
			isa = PBXFrameworksBuildPhase;
			buildActionMask = 2147483647;
			files = (
			);
			runOnlyForDeploymentPostprocessing = 0;
		};
/* End PBXFrameworksBuildPhase section */

/* Begin PBXGroup section */
		4E3D1A3E2BB28FAD007A1FF6 = {
			isa = PBXGroup;
			children = (
				4E3D1A492BB28FAD007A1FF6 /* PListTest_Bundle2 */,
				4E3D1A482BB28FAD007A1FF6 /* Products */,
			);
			sourceTree = "<group>";
		};
		4E3D1A482BB28FAD007A1FF6 /* Products */ = {
			isa = PBXGroup;
			children = (
				4E3D1A472BB28FAD007A1FF6 /* PListTest_Bundle2.app */,
			);
			name = Products;
			sourceTree = "<group>";
		};
		4E3D1A492BB28FAD007A1FF6 /* PListTest_Bundle2 */ = {
			isa = PBXGroup;
			children = (
				4EDDCD992BB3A9D60004096E /* Delegates */,
				4EDDCD962BB3A5C10004096E /* Controllers */,
				4EDDCD9C2BB3BF360004096E /* UIViewController+URLUtilities.swift */,
				4E3D1A502BB28FAD007A1FF6 /* Main.storyboard */,
				4E3D1A532BB28FAF007A1FF6 /* Assets.xcassets */,
				4E3D1A582BB28FAF007A1FF6 /* Info.plist */,
				4E3D1A5E2BB28FEC007A1FF6 /* parks.plist */,
			);
			path = PListTest_Bundle2;
			sourceTree = "<group>";
		};
		4EDDCD962BB3A5C10004096E /* Controllers */ = {
			isa = PBXGroup;
			children = (
				4E3D1A602BB292D9007A1FF6 /* MainTableViewController.swift */,
				4EDDCD942BB3A5BC0004096E /* DetailViewController.swift */,
				4EDDCD972BB3A5D80004096E /* AddViewController.swift */,
			);
			path = Controllers;
			sourceTree = "<group>";
		};
		4EDDCD992BB3A9D60004096E /* Delegates */ = {
			isa = PBXGroup;
			children = (
				4E3D1A4A2BB28FAD007A1FF6 /* AppDelegate.swift */,
				4E3D1A4C2BB28FAD007A1FF6 /* SceneDelegate.swift */,
			);
			path = Delegates;
			sourceTree = "<group>";
		};
/* End PBXGroup section */

/* Begin PBXNativeTarget section */
		4E3D1A462BB28FAD007A1FF6 /* PListTest_Bundle2 */ = {
			isa = PBXNativeTarget;
			buildConfigurationList = 4E3D1A5B2BB28FAF007A1FF6 /* Build configuration list for PBXNativeTarget "PListTest_Bundle2" */;
			buildPhases = (
				4E3D1A432BB28FAD007A1FF6 /* Sources */,
				4E3D1A442BB28FAD007A1FF6 /* Frameworks */,
				4E3D1A452BB28FAD007A1FF6 /* Resources */,
			);
			buildRules = (
			);
			dependencies = (
			);
			name = PListTest_Bundle2;
			productName = PListTest_Bundle2;
			productReference = 4E3D1A472BB28FAD007A1FF6 /* PListTest_Bundle2.app */;
			productType = "com.apple.product-type.application";
		};
/* End PBXNativeTarget section */

/* Begin PBXProject section */
		4E3D1A3F2BB28FAD007A1FF6 /* Project object */ = {
			isa = PBXProject;
			attributes = {
				BuildIndependentTargetsInParallel = 1;
				LastSwiftUpdateCheck = 1530;
				LastUpgradeCheck = 1530;
				TargetAttributes = {
					4E3D1A462BB28FAD007A1FF6 = {
						CreatedOnToolsVersion = 15.3;
					};
				};
			};
			buildConfigurationList = 4E3D1A422BB28FAD007A1FF6 /* Build configuration list for PBXProject "PListTest_Bundle2" */;
			compatibilityVersion = "Xcode 14.0";
			developmentRegion = en;
			hasScannedForEncodings = 0;
			knownRegions = (
				en,
				Base,
			);
			mainGroup = 4E3D1A3E2BB28FAD007A1FF6;
			productRefGroup = 4E3D1A482BB28FAD007A1FF6 /* Products */;
			projectDirPath = "";
			projectRoot = "";
			targets = (
				4E3D1A462BB28FAD007A1FF6 /* PListTest_Bundle2 */,
			);
		};
/* End PBXProject section */

/* Begin PBXResourcesBuildPhase section */
		4E3D1A452BB28FAD007A1FF6 /* Resources */ = {
			isa = PBXResourcesBuildPhase;
			buildActionMask = 2147483647;
			files = (
				4E3D1A542BB28FAF007A1FF6 /* Assets.xcassets in Resources */,
				4E3D1A5F2BB28FEC007A1FF6 /* parks.plist in Resources */,
				4E3D1A522BB28FAD007A1FF6 /* Base in Resources */,
			);
			runOnlyForDeploymentPostprocessing = 0;
		};
/* End PBXResourcesBuildPhase section */

/* Begin PBXSourcesBuildPhase section */
		4E3D1A432BB28FAD007A1FF6 /* Sources */ = {
			isa = PBXSourcesBuildPhase;
			buildActionMask = 2147483647;
			files = (
				4EDDCD982BB3A5D80004096E /* AddViewController.swift in Sources */,
				4EDDCD9D2BB3BF360004096E /* UIViewController+URLUtilities.swift in Sources */,
				4E3D1A4B2BB28FAD007A1FF6 /* AppDelegate.swift in Sources */,
				4E3D1A612BB292D9007A1FF6 /* MainTableViewController.swift in Sources */,
				4E3D1A4D2BB28FAD007A1FF6 /* SceneDelegate.swift in Sources */,
				4EDDCD952BB3A5BC0004096E /* DetailViewController.swift in Sources */,
			);
			runOnlyForDeploymentPostprocessing = 0;
		};
/* End PBXSourcesBuildPhase section */

/* Begin PBXVariantGroup section */
		4E3D1A502BB28FAD007A1FF6 /* Main.storyboard */ = {
			isa = PBXVariantGroup;
			children = (
				4E3D1A512BB28FAD007A1FF6 /* Base */,
			);
			name = Main.storyboard;
			sourceTree = "<group>";
		};
/* End PBXVariantGroup section */

/* Begin XCBuildConfiguration section */
		4E3D1A592BB28FAF007A1FF6 /* Debug */ = {
			isa = XCBuildConfiguration;
			buildSettings = {
				ALWAYS_SEARCH_USER_PATHS = NO;
				ASSETCATALOG_COMPILER_GENERATE_SWIFT_ASSET_SYMBOL_EXTENSIONS = YES;
				CLANG_ANALYZER_NONNULL = YES;
				CLANG_ANALYZER_NUMBER_OBJECT_CONVERSION = YES_AGGRESSIVE;
				CLANG_CXX_LANGUAGE_STANDARD = "gnu++20";
				CLANG_ENABLE_MODULES = YES;
				CLANG_ENABLE_OBJC_ARC = YES;
				CLANG_ENABLE_OBJC_WEAK = YES;
				CLANG_WARN_BLOCK_CAPTURE_AUTORELEASING = YES;
				CLANG_WARN_BOOL_CONVERSION = YES;
				CLANG_WARN_COMMA = YES;
				CLANG_WARN_CONSTANT_CONVERSION = YES;
				CLANG_WARN_DEPRECATED_OBJC_IMPLEMENTATIONS = YES;
				CLANG_WARN_DIRECT_OBJC_ISA_USAGE = YES_ERROR;
				CLANG_WARN_DOCUMENTATION_COMMENTS = YES;
				CLANG_WARN_EMPTY_BODY = YES;
				CLANG_WARN_ENUM_CONVERSION = YES;
				CLANG_WARN_INFINITE_RECURSION = YES;
				CLANG_WARN_INT_CONVERSION = YES;
				CLANG_WARN_NON_LITERAL_NULL_CONVERSION = YES;
				CLANG_WARN_OBJC_IMPLICIT_RETAIN_SELF = YES;
				CLANG_WARN_OBJC_LITERAL_CONVERSION = YES;
				CLANG_WARN_OBJC_ROOT_CLASS = YES_ERROR;
				CLANG_WARN_QUOTED_INCLUDE_IN_FRAMEWORK_HEADER = YES;
				CLANG_WARN_RANGE_LOOP_ANALYSIS = YES;
				CLANG_WARN_STRICT_PROTOTYPES = YES;
				CLANG_WARN_SUSPICIOUS_MOVE = YES;
				CLANG_WARN_UNGUARDED_AVAILABILITY = YES_AGGRESSIVE;
				CLANG_WARN_UNREACHABLE_CODE = YES;
				CLANG_WARN__DUPLICATE_METHOD_MATCH = YES;
				COPY_PHASE_STRIP = NO;
				DEBUG_INFORMATION_FORMAT = dwarf;
				ENABLE_STRICT_OBJC_MSGSEND = YES;
				ENABLE_TESTABILITY = YES;
				ENABLE_USER_SCRIPT_SANDBOXING = YES;
				GCC_C_LANGUAGE_STANDARD = gnu17;
				GCC_DYNAMIC_NO_PIC = NO;
				GCC_NO_COMMON_BLOCKS = YES;
				GCC_OPTIMIZATION_LEVEL = 0;
				GCC_PREPROCESSOR_DEFINITIONS = (
					"DEBUG=1",
					"$(inherited)",
				);
				GCC_WARN_64_TO_32_BIT_CONVERSION = YES;
				GCC_WARN_ABOUT_RETURN_TYPE = YES_ERROR;
				GCC_WARN_UNDECLARED_SELECTOR = YES;
				GCC_WARN_UNINITIALIZED_AUTOS = YES_AGGRESSIVE;
				GCC_WARN_UNUSED_FUNCTION = YES;
				GCC_WARN_UNUSED_VARIABLE = YES;
				IPHONEOS_DEPLOYMENT_TARGET = 17.4;
				LOCALIZATION_PREFERS_STRING_CATALOGS = YES;
				MTL_ENABLE_DEBUG_INFO = INCLUDE_SOURCE;
				MTL_FAST_MATH = YES;
				ONLY_ACTIVE_ARCH = YES;
				SDKROOT = iphoneos;
				SWIFT_ACTIVE_COMPILATION_CONDITIONS = "DEBUG $(inherited)";
				SWIFT_OPTIMIZATION_LEVEL = "-Onone";
			};
			name = Debug;
		};
		4E3D1A5A2BB28FAF007A1FF6 /* Release */ = {
			isa = XCBuildConfiguration;
			buildSettings = {
				ALWAYS_SEARCH_USER_PATHS = NO;
				ASSETCATALOG_COMPILER_GENERATE_SWIFT_ASSET_SYMBOL_EXTENSIONS = YES;
				CLANG_ANALYZER_NONNULL = YES;
				CLANG_ANALYZER_NUMBER_OBJECT_CONVERSION = YES_AGGRESSIVE;
				CLANG_CXX_LANGUAGE_STANDARD = "gnu++20";
				CLANG_ENABLE_MODULES = YES;
				CLANG_ENABLE_OBJC_ARC = YES;
				CLANG_ENABLE_OBJC_WEAK = YES;
				CLANG_WARN_BLOCK_CAPTURE_AUTORELEASING = YES;
				CLANG_WARN_BOOL_CONVERSION = YES;
				CLANG_WARN_COMMA = YES;
				CLANG_WARN_CONSTANT_CONVERSION = YES;
				CLANG_WARN_DEPRECATED_OBJC_IMPLEMENTATIONS = YES;
				CLANG_WARN_DIRECT_OBJC_ISA_USAGE = YES_ERROR;
				CLANG_WARN_DOCUMENTATION_COMMENTS = YES;
				CLANG_WARN_EMPTY_BODY = YES;
				CLANG_WARN_ENUM_CONVERSION = YES;
				CLANG_WARN_INFINITE_RECURSION = YES;
				CLANG_WARN_INT_CONVERSION = YES;
				CLANG_WARN_NON_LITERAL_NULL_CONVERSION = YES;
				CLANG_WARN_OBJC_IMPLICIT_RETAIN_SELF = YES;
				CLANG_WARN_OBJC_LITERAL_CONVERSION = YES;
				CLANG_WARN_OBJC_ROOT_CLASS = YES_ERROR;
				CLANG_WARN_QUOTED_INCLUDE_IN_FRAMEWORK_HEADER = YES;
				CLANG_WARN_RANGE_LOOP_ANALYSIS = YES;
				CLANG_WARN_STRICT_PROTOTYPES = YES;
				CLANG_WARN_SUSPICIOUS_MOVE = YES;
				CLANG_WARN_UNGUARDED_AVAILABILITY = YES_AGGRESSIVE;
				CLANG_WARN_UNREACHABLE_CODE = YES;
				CLANG_WARN__DUPLICATE_METHOD_MATCH = YES;
				COPY_PHASE_STRIP = NO;
				DEBUG_INFORMATION_FORMAT = "dwarf-with-dsym";
				ENABLE_NS_ASSERTIONS = NO;
				ENABLE_STRICT_OBJC_MSGSEND = YES;
				ENABLE_USER_SCRIPT_SANDBOXING = YES;
				GCC_C_LANGUAGE_STANDARD = gnu17;
				GCC_NO_COMMON_BLOCKS = YES;
				GCC_WARN_64_TO_32_BIT_CONVERSION = YES;
				GCC_WARN_ABOUT_RETURN_TYPE = YES_ERROR;
				GCC_WARN_UNDECLARED_SELECTOR = YES;
				GCC_WARN_UNINITIALIZED_AUTOS = YES_AGGRESSIVE;
				GCC_WARN_UNUSED_FUNCTION = YES;
				GCC_WARN_UNUSED_VARIABLE = YES;
				IPHONEOS_DEPLOYMENT_TARGET = 17.4;
				LOCALIZATION_PREFERS_STRING_CATALOGS = YES;
				MTL_ENABLE_DEBUG_INFO = NO;
				MTL_FAST_MATH = YES;
				SDKROOT = iphoneos;
				SWIFT_COMPILATION_MODE = wholemodule;
				VALIDATE_PRODUCT = YES;
			};
			name = Release;
		};
		4E3D1A5C2BB28FAF007A1FF6 /* Debug */ = {
			isa = XCBuildConfiguration;
			buildSettings = {
				ASSETCATALOG_COMPILER_APPICON_NAME = AppIcon;
				ASSETCATALOG_COMPILER_GLOBAL_ACCENT_COLOR_NAME = AccentColor;
				CODE_SIGN_STYLE = Automatic;
				CURRENT_PROJECT_VERSION = 1;
				GENERATE_INFOPLIST_FILE = YES;
				INFOPLIST_FILE = PListTest_Bundle2/Info.plist;
				INFOPLIST_KEY_UIApplicationSupportsIndirectInputEvents = YES;
				INFOPLIST_KEY_UILaunchStoryboardName = LaunchScreen;
				INFOPLIST_KEY_UIMainStoryboardFile = Main;
				INFOPLIST_KEY_UISupportedInterfaceOrientations_iPad = "UIInterfaceOrientationPortrait UIInterfaceOrientationPortraitUpsideDown UIInterfaceOrientationLandscapeLeft UIInterfaceOrientationLandscapeRight";
				INFOPLIST_KEY_UISupportedInterfaceOrientations_iPhone = "UIInterfaceOrientationPortrait UIInterfaceOrientationLandscapeLeft UIInterfaceOrientationLandscapeRight";
				LD_RUNPATH_SEARCH_PATHS = (
					"$(inherited)",
					"@executable_path/Frameworks",
				);
				MARKETING_VERSION = 1.0;
				PRODUCT_BUNDLE_IDENTIFIER = "com.example.PListTest-Bundle2";
				PRODUCT_NAME = "$(TARGET_NAME)";
				SWIFT_EMIT_LOC_STRINGS = YES;
				SWIFT_VERSION = 5.0;
				TARGETED_DEVICE_FAMILY = "1,2";
			};
			name = Debug;
		};
		4E3D1A5D2BB28FAF007A1FF6 /* Release */ = {
			isa = XCBuildConfiguration;
			buildSettings = {
				ASSETCATALOG_COMPILER_APPICON_NAME = AppIcon;
				ASSETCATALOG_COMPILER_GLOBAL_ACCENT_COLOR_NAME = AccentColor;
				CODE_SIGN_STYLE = Automatic;
				CURRENT_PROJECT_VERSION = 1;
				GENERATE_INFOPLIST_FILE = YES;
				INFOPLIST_FILE = PListTest_Bundle2/Info.plist;
				INFOPLIST_KEY_UIApplicationSupportsIndirectInputEvents = YES;
				INFOPLIST_KEY_UILaunchStoryboardName = LaunchScreen;
				INFOPLIST_KEY_UIMainStoryboardFile = Main;
				INFOPLIST_KEY_UISupportedInterfaceOrientations_iPad = "UIInterfaceOrientationPortrait UIInterfaceOrientationPortraitUpsideDown UIInterfaceOrientationLandscapeLeft UIInterfaceOrientationLandscapeRight";
				INFOPLIST_KEY_UISupportedInterfaceOrientations_iPhone = "UIInterfaceOrientationPortrait UIInterfaceOrientationLandscapeLeft UIInterfaceOrientationLandscapeRight";
				LD_RUNPATH_SEARCH_PATHS = (
					"$(inherited)",
					"@executable_path/Frameworks",
				);
				MARKETING_VERSION = 1.0;
				PRODUCT_BUNDLE_IDENTIFIER = "com.example.PListTest-Bundle2";
				PRODUCT_NAME = "$(TARGET_NAME)";
				SWIFT_EMIT_LOC_STRINGS = YES;
				SWIFT_VERSION = 5.0;
				TARGETED_DEVICE_FAMILY = "1,2";
			};
			name = Release;
		};
/* End XCBuildConfiguration section */

/* Begin XCConfigurationList section */
		4E3D1A422BB28FAD007A1FF6 /* Build configuration list for PBXProject "PListTest_Bundle2" */ = {
			isa = XCConfigurationList;
			buildConfigurations = (
				4E3D1A592BB28FAF007A1FF6 /* Debug */,
				4E3D1A5A2BB28FAF007A1FF6 /* Release */,
			);
			defaultConfigurationIsVisible = 0;
			defaultConfigurationName = Release;
		};
		4E3D1A5B2BB28FAF007A1FF6 /* Build configuration list for PBXNativeTarget "PListTest_Bundle2" */ = {
			isa = XCConfigurationList;
			buildConfigurations = (
				4E3D1A5C2BB28FAF007A1FF6 /* Debug */,
				4E3D1A5D2BB28FAF007A1FF6 /* Release */,
			);
			defaultConfigurationIsVisible = 0;
			defaultConfigurationName = Release;
		};
/* End XCConfigurationList section */
	};
	rootObject = 4E3D1A3F2BB28FAD007A1FF6 /* Project object */;
}
